
Microsoft Visual Studio Solution File, Format Version 12.00
# Visual Studio 15
Project("{FAE04EC0-301F-11D3-BF4B-00C04F79EFBC}") = "Assembly-CSharp", "Assembly-CSharp.csproj", "{FCF0A0FA-0B7C-506B-C8A2-46FD56BB62D2}"
EndProject
Project("{FAE04EC0-301F-11D3-BF4B-00C04F79EFBC}") = "NavMeshComponents", "NavMeshComponents.csproj", "{FA8BED18-9166-4144-B90F-8D91E07DD0DD}"
EndProject
Project("{FAE04EC0-301F-11D3-BF4B-00C04F79EFBC}") = "NavMeshComponentsEditor", "NavMeshComponentsEditor.csproj", "{6EF339A9-46FE-5122-751D-A1EB7DD431D2}"
EndProject
Global
	GlobalSection(SolutionConfigurationPlatforms) = preSolution
		Debug|Any CPU = Debug|Any CPU
		Release|Any CPU = Release|Any CPU
	EndGlobalSection
	GlobalSection(ProjectConfigurationPlatforms) = postSolution
		{FCF0A0FA-0B7C-506B-C8A2-46FD56BB62D2}.Debug|Any CPU.ActiveCfg = Debug|Any CPU
		{FCF0A0FA-0B7C-506B-C8A2-46FD56BB62D2}.Debug|Any CPU.Build.0 = Debug|Any CPU
		{FCF0A0FA-0B7C-506B-C8A2-46FD56BB62D2}.Release|Any CPU.ActiveCfg = Release|Any CPU
		{FCF0A0FA-0B7C-506B-C8A2-46FD56BB62D2}.Release|Any CPU.Build.0 = Release|Any CPU
		{FA8BED18-9166-4144-B90F-8D91E07DD0DD}.Debug|Any CPU.ActiveCfg = Debug|Any CPU
		{FA8BED18-9166-4144-B90F-8D91E07DD0DD}.Debug|Any CPU.Build.0 = Debug|Any CPU
		{FA8BED18-9166-4144-B90F-8D91E07DD0DD}.Release|Any CPU.ActiveCfg = Release|Any CPU
		{FA8BED18-9166-4144-B90F-8D91E07DD0DD}.Release|Any CPU.Build.0 = Release|Any CPU
		{6EF339A9-46FE-5122-751D-A1EB7DD431D2}.Debug|Any CPU.ActiveCfg = Debug|Any CPU
		{6EF339A9-46FE-5122-751D-A1EB7DD431D2}.Debug|Any CPU.Build.0 = Debug|Any CPU
		{6EF339A9-46FE-5122-751D-A1EB7DD431D2}.Release|Any CPU.ActiveCfg = Release|Any CPU
		{6EF339A9-46FE-5122-751D-A1EB7DD431D2}.Release|Any CPU.Build.0 = Release|Any CPU
	EndGlobalSection
	GlobalSection(SolutionProperties) = preSolution
		HideSolutionNode = FALSE
	EndGlobalSection
EndGlobal
